<?xml version="1.0" encoding="utf-8"?>
<Project ToolsVersion="4.0" xmlns="http://schemas.microsoft.com/developer/msbuild/2003">
  <ItemGroup>
    <Filter Include="源文件">
      <UniqueIdentifier>{4b0573a3-4466-4c9e-ae66-592d59d6ac38}</UniqueIdentifier>
    </Filter>
    <Filter Include="生成的文件">
      <UniqueIdentifier>{2633ae9f-aa32-4351-8732-91534604cb02}</UniqueIdentifier>
      <SourceControlFiles>False</SourceControlFiles>
    </Filter>
  </ItemGroup>
  <ItemGroup>
    <None Include="AtlTestps.def" />
  </ItemGroup>
  <ItemGroup>
    <ClCompile Include="AtlTest_i.c">
      <Filter>生成的文件</Filter>
    </ClCompile>
    <ClCompile Include="AtlTest_p.c">
      <Filter>生成的文件</Filter>
    </ClCompile>
    <ClCompile Include="dlldata.c">
      <Filter>生成的文件</Filter>
    </ClCompile>
  </ItemGroup>
</Project>